// !$*UTF8*$!
{
	archiveVersion = 1;
	classes = {
	};
	objectVersion = 51;
	objects = {

/* Begin PBXBuildFile section */
		BA38E1EC224E619F00865F5F /* CreateViewController.swift in Sources */ = {isa = PBXBuildFile; fileRef = BA38E1EB224E619F00865F5F /* CreateViewController.swift */; };
		BA38E1EE224E6A8100865F5F /* TableViewCell.swift in Sources */ = {isa = PBXBuildFile; fileRef = BA38E1ED224E6A8100865F5F /* TableViewCell.swift */; };
		BA38E1F0224E6BD800865F5F /* TableViewController.swift in Sources */ = {isa = PBXBuildFile; fileRef = BA38E1EF224E6BD800865F5F /* TableViewController.swift */; };
		BA656CA3230AA01000A0E94E /* LaunchScreen.storyboard in Resources */ = {isa = PBXBuildFile; fileRef = BA656CA5230AA01000A0E94E /* LaunchScreen.storyboard */; };
		BA885A2B22491455001ED75C /* Test.swift in Sources */ = {isa = PBXBuildFile; fileRef = BA885A2A22491455001ED75C /* Test.swift */; };
		BAAFC1482303134C00B1F95D /* ChartViewController.swift in Sources */ = {isa = PBXBuildFile; fileRef = BAAFC1472303134C00B1F95D /* ChartViewController.swift */; };
		BAE7016A2249092400160BBF /* AppDelegate.swift in Sources */ = {isa = PBXBuildFile; fileRef = BAE701692249092400160BBF /* AppDelegate.swift */; };
		BAE7016F2249092400160BBF /* Main.storyboard in Resources */ = {isa = PBXBuildFile; fileRef = BAE7016D2249092400160BBF /* Main.storyboard */; };
		BAE701712249092600160BBF /* Assets.xcassets in Resources */ = {isa = PBXBuildFile; fileRef = BAE701702249092600160BBF /* Assets.xcassets */; };
		BAE7017F2249092600160BBF /* ScoresTrackerTests.swift in Sources */ = {isa = PBXBuildFile; fileRef = BAE7017E2249092600160BBF /* ScoresTrackerTests.swift */; };
		F183FE9F8152AFD8DCB46C35 /* Pods_ScoresTracker.framework in Frameworks */ = {isa = PBXBuildFile; fileRef = 4DB87925DC87738F87DC7C9B /* Pods_ScoresTracker.framework */; };
/* End PBXBuildFile section */

/* Begin PBXContainerItemProxy section */
		BAE7017B2249092600160BBF /* PBXContainerItemProxy */ = {
			isa = PBXContainerItemProxy;
			containerPortal = BAE7015E2249092400160BBF /* Project object */;
			proxyType = 1;
			remoteGlobalIDString = BAE701652249092400160BBF;
			remoteInfo = ScoresTracker;
		};
/* End PBXContainerItemProxy section */

/* Begin PBXFileReference section */
		4DB87925DC87738F87DC7C9B /* Pods_ScoresTracker.framework */ = {isa = PBXFileReference; explicitFileType = wrapper.framework; includeInIndex = 0; path = Pods_ScoresTracker.framework; sourceTree = BUILT_PRODUCTS_DIR; };
		9C8B0930AB9E38173CE36D44 /* Pods-ScoresTracker.release.xcconfig */ = {isa = PBXFileReference; includeInIndex = 1; lastKnownFileType = text.xcconfig; name = "Pods-ScoresTracker.release.xcconfig"; path = "Target Support Files/Pods-ScoresTracker/Pods-ScoresTracker.release.xcconfig"; sourceTree = "<group>"; };
		AC58F8392F790F870959A873 /* Pods-ScoresTracker.debug.xcconfig */ = {isa = PBXFileReference; includeInIndex = 1; lastKnownFileType = text.xcconfig; name = "Pods-ScoresTracker.debug.xcconfig"; path = "Target Support Files/Pods-ScoresTracker/Pods-ScoresTracker.debug.xcconfig"; sourceTree = "<group>"; };
		BA38E1EB224E619F00865F5F /* CreateViewController.swift */ = {isa = PBXFileReference; lastKnownFileType = sourcecode.swift; path = CreateViewController.swift; sourceTree = "<group>"; };
		BA38E1ED224E6A8100865F5F /* TableViewCell.swift */ = {isa = PBXFileReference; lastKnownFileType = sourcecode.swift; path = TableViewCell.swift; sourceTree = "<group>"; };
		BA38E1EF224E6BD800865F5F /* TableViewController.swift */ = {isa = PBXFileReference; lastKnownFileType = sourcecode.swift; path = TableViewController.swift; sourceTree = "<group>"; };
		BA656C97230A9DD000A0E94E /* zh-Hans */ = {isa = PBXFileReference; lastKnownFileType = text.plist.strings; name = "zh-Hans"; path = "zh-Hans.lproj/Main.strings"; sourceTree = "<group>"; };
		BA656CA4230AA01000A0E94E /* Base */ = {isa = PBXFileReference; lastKnownFileType = file.storyboard; name = Base; path = Base.lproj/LaunchScreen.storyboard; sourceTree = "<group>"; };
		BA656CA7230AA01400A0E94E /* en */ = {isa = PBXFileReference; lastKnownFileType = text.plist.strings; name = en; path = en.lproj/LaunchScreen.strings; sourceTree = "<group>"; };
		BA656CA9230AA01500A0E94E /* zh-Hans */ = {isa = PBXFileReference; lastKnownFileType = text.plist.strings; name = "zh-Hans"; path = "zh-Hans.lproj/LaunchScreen.strings"; sourceTree = "<group>"; };
		BA885A2A22491455001ED75C /* Test.swift */ = {isa = PBXFileReference; lastKnownFileType = sourcecode.swift; path = Test.swift; sourceTree = "<group>"; };
		BAAFC1472303134C00B1F95D /* ChartViewController.swift */ = {isa = PBXFileReference; lastKnownFileType = sourcecode.swift; path = ChartViewController.swift; sourceTree = "<group>"; };
		BAE701662249092400160BBF /* ScoresTracker.app */ = {isa = PBXFileReference; explicitFileType = wrapper.application; includeInIndex = 0; path = ScoresTracker.app; sourceTree = BUILT_PRODUCTS_DIR; };
		BAE701692249092400160BBF /* AppDelegate.swift */ = {isa = PBXFileReference; lastKnownFileType = sourcecode.swift; path = AppDelegate.swift; sourceTree = "<group>"; };
		BAE7016E2249092400160BBF /* Base */ = {isa = PBXFileReference; lastKnownFileType = file.storyboard; name = Base; path = Base.lproj/Main.storyboard; sourceTree = "<group>"; };
		BAE701702249092600160BBF /* Assets.xcassets */ = {isa = PBXFileReference; lastKnownFileType = folder.assetcatalog; path = Assets.xcassets; sourceTree = "<group>"; };
		BAE701752249092600160BBF /* Info.plist */ = {isa = PBXFileReference; lastKnownFileType = text.plist.xml; path = Info.plist; sourceTree = "<group>"; };
		BAE7017A2249092600160BBF /* ScoresTrackerTests.xctest */ = {isa = PBXFileReference; explicitFileType = wrapper.cfbundle; includeInIndex = 0; path = ScoresTrackerTests.xctest; sourceTree = BUILT_PRODUCTS_DIR; };
		BAE7017E2249092600160BBF /* ScoresTrackerTests.swift */ = {isa = PBXFileReference; lastKnownFileType = sourcecode.swift; path = ScoresTrackerTests.swift; sourceTree = "<group>"; };
		BAE701802249092600160BBF /* Info.plist */ = {isa = PBXFileReference; lastKnownFileType = text.plist.xml; path = Info.plist; sourceTree = "<group>"; };
/* End PBXFileReference section */

/* Begin PBXFrameworksBuildPhase section */
		BAE701632249092400160BBF /* Frameworks */ = {
			isa = PBXFrameworksBuildPhase;
			buildActionMask = 2147483647;
			files = (
				F183FE9F8152AFD8DCB46C35 /* Pods_ScoresTracker.framework in Frameworks */,
			);
			runOnlyForDeploymentPostprocessing = 0;
		};
		BAE701772249092600160BBF /* Frameworks */ = {
			isa = PBXFrameworksBuildPhase;
			buildActionMask = 2147483647;
			files = (
			);
			runOnlyForDeploymentPostprocessing = 0;
		};
/* End PBXFrameworksBuildPhase section */

/* Begin PBXGroup section */
		9EED86EB7220E3AADE7FEE10 /* Pods */ = {
			isa = PBXGroup;
			children = (
				AC58F8392F790F870959A873 /* Pods-ScoresTracker.debug.xcconfig */,
				9C8B0930AB9E38173CE36D44 /* Pods-ScoresTracker.release.xcconfig */,
			);
			path = Pods;
			sourceTree = "<group>";
		};
		BAE7015D2249092400160BBF = {
			isa = PBXGroup;
			children = (
				BAE701682249092400160BBF /* ScoresTracker */,
				BAE7017D2249092600160BBF /* ScoresTrackerTests */,
				BAE701672249092400160BBF /* Products */,
				9EED86EB7220E3AADE7FEE10 /* Pods */,
				D326A9C3DBCDC01E5626E13B /* Frameworks */,
			);
			sourceTree = "<group>";
		};
		BAE701672249092400160BBF /* Products */ = {
			isa = PBXGroup;
			children = (
				BAE701662249092400160BBF /* ScoresTracker.app */,
				BAE7017A2249092600160BBF /* ScoresTrackerTests.xctest */,
			);
			name = Products;
			sourceTree = "<group>";
		};
		BAE701682249092400160BBF /* ScoresTracker */ = {
			isa = PBXGroup;
			children = (
				BA38E1EB224E619F00865F5F /* CreateViewController.swift */,
				BAE701692249092400160BBF /* AppDelegate.swift */,
				BAE7016D2249092400160BBF /* Main.storyboard */,
				BA38E1EF224E6BD800865F5F /* TableViewController.swift */,
				BAE701702249092600160BBF /* Assets.xcassets */,
				BAE701752249092600160BBF /* Info.plist */,
				BA656CA5230AA01000A0E94E /* LaunchScreen.storyboard */,
				BA885A2A22491455001ED75C /* Test.swift */,
				BA38E1ED224E6A8100865F5F /* TableViewCell.swift */,
				BAAFC1472303134C00B1F95D /* ChartViewController.swift */,
			);
			path = ScoresTracker;
			sourceTree = "<group>";
		};
		BAE7017D2249092600160BBF /* ScoresTrackerTests */ = {
			isa = PBXGroup;
			children = (
				BAE7017E2249092600160BBF /* ScoresTrackerTests.swift */,
				BAE701802249092600160BBF /* Info.plist */,
			);
			path = ScoresTrackerTests;
			sourceTree = "<group>";
		};
		D326A9C3DBCDC01E5626E13B /* Frameworks */ = {
			isa = PBXGroup;
			children = (
				4DB87925DC87738F87DC7C9B /* Pods_ScoresTracker.framework */,
			);
			name = Frameworks;
			sourceTree = "<group>";
		};
/* End PBXGroup section */

/* Begin PBXNativeTarget section */
		BAE701652249092400160BBF /* ScoresTracker */ = {
			isa = PBXNativeTarget;
			buildConfigurationList = BAE701832249092600160BBF /* Build configuration list for PBXNativeTarget "ScoresTracker" */;
			buildPhases = (
				7D5E269A831F2FD59DB888F5 /* [CP] Check Pods Manifest.lock */,
				BAE701622249092400160BBF /* Sources */,
				BAE701632249092400160BBF /* Frameworks */,
				BAE701642249092400160BBF /* Resources */,
				26196D47E00D7795541DD58F /* [CP] Embed Pods Frameworks */,
			);
			buildRules = (
			);
			dependencies = (
			);
			name = ScoresTracker;
			productName = ScoresTracker;
			productReference = BAE701662249092400160BBF /* ScoresTracker.app */;
			productType = "com.apple.product-type.application";
		};
		BAE701792249092600160BBF /* ScoresTrackerTests */ = {
			isa = PBXNativeTarget;
			buildConfigurationList = BAE701862249092600160BBF /* Build configuration list for PBXNativeTarget "ScoresTrackerTests" */;
			buildPhases = (
				BAE701762249092600160BBF /* Sources */,
				BAE701772249092600160BBF /* Frameworks */,
				BAE701782249092600160BBF /* Resources */,
			);
			buildRules = (
			);
			dependencies = (
				BAE7017C2249092600160BBF /* PBXTargetDependency */,
			);
			name = ScoresTrackerTests;
			productName = ScoresTrackerTests;
			productReference = BAE7017A2249092600160BBF /* ScoresTrackerTests.xctest */;
			productType = "com.apple.product-type.bundle.unit-test";
		};
/* End PBXNativeTarget section */

/* Begin PBXProject section */
		BAE7015E2249092400160BBF /* Project object */ = {
			isa = PBXProject;
			attributes = {
				LastSwiftUpdateCheck = 1010;
				LastUpgradeCheck = 1010;
				ORGANIZATIONNAME = Nemo;
				TargetAttributes = {
					BAE701652249092400160BBF = {
						CreatedOnToolsVersion = 10.1;
					};
					BAE701792249092600160BBF = {
						CreatedOnToolsVersion = 10.1;
						TestTargetID = BAE701652249092400160BBF;
					};
				};
			};
			buildConfigurationList = BAE701612249092400160BBF /* Build configuration list for PBXProject "ScoresTracker" */;
			compatibilityVersion = "Xcode 9.3";
			developmentRegion = en;
			hasScannedForEncodings = 0;
			knownRegions = (
				en,
				Base,
				"zh-Hans",
			);
			mainGroup = BAE7015D2249092400160BBF;
			productRefGroup = BAE701672249092400160BBF /* Products */;
			projectDirPath = "";
			projectRoot = "";
			targets = (
				BAE701652249092400160BBF /* ScoresTracker */,
				BAE701792249092600160BBF /* ScoresTrackerTests */,
			);
		};
/* End PBXProject section */

/* Begin PBXResourcesBuildPhase section */
		BAE701642249092400160BBF /* Resources */ = {
			isa = PBXResourcesBuildPhase;
			buildActionMask = 2147483647;
			files = (
				BA656CA3230AA01000A0E94E /* LaunchScreen.storyboard in Resources */,
				BAE701712249092600160BBF /* Assets.xcassets in Resources */,
				BAE7016F2249092400160BBF /* Main.storyboard in Resources */,
			);
			runOnlyForDeploymentPostprocessing = 0;
		};
		BAE701782249092600160BBF /* Resources */ = {
			isa = PBXResourcesBuildPhase;
			buildActionMask = 2147483647;
			files = (
			);
			runOnlyForDeploymentPostprocessing = 0;
		};
/* End PBXResourcesBuildPhase section */

/* Begin PBXShellScriptBuildPhase section */
		26196D47E00D7795541DD58F /* [CP] Embed Pods Frameworks */ = {
			isa = PBXShellScriptBuildPhase;
			buildActionMask = 2147483647;
			files = (
			);
			inputFileListPaths = (
				"${PODS_ROOT}/Target Support Files/Pods-ScoresTracker/Pods-ScoresTracker-frameworks-${CONFIGURATION}-input-files.xcfilelist",
			);
			name = "[CP] Embed Pods Frameworks";
			outputFileListPaths = (
				"${PODS_ROOT}/Target Support Files/Pods-ScoresTracker/Pods-ScoresTracker-frameworks-${CONFIGURATION}-output-files.xcfilelist",
			);
			runOnlyForDeploymentPostprocessing = 0;
			shellPath = /bin/sh;
			shellScript = "\"${PODS_ROOT}/Target Support Files/Pods-ScoresTracker/Pods-ScoresTracker-frameworks.sh\"\n";
			showEnvVarsInLog = 0;
		};
		7D5E269A831F2FD59DB888F5 /* [CP] Check Pods Manifest.lock */ = {
			isa = PBXShellScriptBuildPhase;
			buildActionMask = 2147483647;
			files = (
			);
			inputFileListPaths = (
			);
			inputPaths = (
				"${PODS_PODFILE_DIR_PATH}/Podfile.lock",
				"${PODS_ROOT}/Manifest.lock",
			);
			name = "[CP] Check Pods Manifest.lock";
			outputFileListPaths = (
			);
			outputPaths = (
				"$(DERIVED_FILE_DIR)/Pods-ScoresTracker-checkManifestLockResult.txt",
			);
			runOnlyForDeploymentPostprocessing = 0;
			shellPath = /bin/sh;
			shellScript = "diff \"${PODS_PODFILE_DIR_PATH}/Podfile.lock\" \"${PODS_ROOT}/Manifest.lock\" > /dev/null\nif [ $? != 0 ] ; then\n    # print error to STDERR\n    echo \"error: The sandbox is not in sync with the Podfile.lock. Run 'pod install' or update your CocoaPods installation.\" >&2\n    exit 1\nfi\n# This output is used by Xcode 'outputs' to avoid re-running this script phase.\necho \"SUCCESS\" > \"${SCRIPT_OUTPUT_FILE_0}\"\n";
			showEnvVarsInLog = 0;
		};
/* End PBXShellScriptBuildPhase section */

/* Begin PBXSourcesBuildPhase section */
		BAE701622249092400160BBF /* Sources */ = {
			isa = PBXSourcesBuildPhase;
			buildActionMask = 2147483647;
			files = (
				BA38E1EE224E6A8100865F5F /* TableViewCell.swift in Sources */,
				BA38E1EC224E619F00865F5F /* CreateViewController.swift in Sources */,
				BAE7016A2249092400160BBF /* AppDelegate.swift in Sources */,
				BA38E1F0224E6BD800865F5F /* TableViewController.swift in Sources */,
				BA885A2B22491455001ED75C /* Test.swift in Sources */,
				BAAFC1482303134C00B1F95D /* ChartViewController.swift in Sources */,
			);
			runOnlyForDeploymentPostprocessing = 0;
		};
		BAE701762249092600160BBF /* Sources */ = {
			isa = PBXSourcesBuildPhase;
			buildActionMask = 2147483647;
			files = (
				BAE7017F2249092600160BBF /* ScoresTrackerTests.swift in Sources */,
			);
			runOnlyForDeploymentPostprocessing = 0;
		};
/* End PBXSourcesBuildPhase section */

/* Begin PBXTargetDependency section */
		BAE7017C2249092600160BBF /* PBXTargetDependency */ = {
			isa = PBXTargetDependency;
			target = BAE701652249092400160BBF /* ScoresTracker */;
			targetProxy = BAE7017B2249092600160BBF /* PBXContainerItemProxy */;
		};
/* End PBXTargetDependency section */

/* Begin PBXVariantGroup section */
		BA656CA5230AA01000A0E94E /* LaunchScreen.storyboard */ = {
			isa = PBXVariantGroup;
			children = (
				BA656CA4230AA01000A0E94E /* Base */,
				BA656CA7230AA01400A0E94E /* en */,
				BA656CA9230AA01500A0E94E /* zh-Hans */,
			);
			name = LaunchScreen.storyboard;
			sourceTree = "<group>";
		};
		BAE7016D2249092400160BBF /* Main.storyboard */ = {
			isa = PBXVariantGroup;
			children = (
				BAE7016E2249092400160BBF /* Base */,
				BA656C97230A9DD000A0E94E /* zh-Hans */,
			);
			name = Main.storyboard;
			sourceTree = "<group>";
		};
/* End PBXVariantGroup section */

/* Begin XCBuildConfiguration section */
		BAE701812249092600160BBF /* Debug */ = {
			isa = XCBuildConfiguration;
			buildSettings = {
				ALWAYS_SEARCH_USER_PATHS = NO;
				CLANG_ANALYZER_LOCALIZABILITY_NONLOCALIZED = YES;
				CLANG_ANALYZER_NONNULL = YES;
				CLANG_ANALYZER_NUMBER_OBJECT_CONVERSION = YES_AGGRESSIVE;
				CLANG_CXX_LANGUAGE_STANDARD = "gnu++14";
				CLANG_CXX_LIBRARY = "libc++";
				CLANG_ENABLE_MODULES = YES;
				CLANG_ENABLE_OBJC_ARC = YES;
				CLANG_ENABLE_OBJC_WEAK = YES;
				CLANG_WARN_BLOCK_CAPTURE_AUTORELEASING = YES;
				CLANG_WARN_BOOL_CONVERSION = YES;
				CLANG_WARN_COMMA = YES;
				CLANG_WARN_CONSTANT_CONVERSION = YES;
				CLANG_WARN_DEPRECATED_OBJC_IMPLEMENTATIONS = YES;
				CLANG_WARN_DIRECT_OBJC_ISA_USAGE = YES_ERROR;
				CLANG_WARN_DOCUMENTATION_COMMENTS = YES;
				CLANG_WARN_EMPTY_BODY = YES;
				CLANG_WARN_ENUM_CONVERSION = YES;
				CLANG_WARN_INFINITE_RECURSION = YES;
				CLANG_WARN_INT_CONVERSION = YES;
				CLANG_WARN_NON_LITERAL_NULL_CONVERSION = YES;
				CLANG_WARN_OBJC_IMPLICIT_RETAIN_SELF = YES;
				CLANG_WARN_OBJC_LITERAL_CONVERSION = YES;
				CLANG_WARN_OBJC_ROOT_CLASS = YES_ERROR;
				CLANG_WARN_RANGE_LOOP_ANALYSIS = YES;
				CLANG_WARN_STRICT_PROTOTYPES = YES;
				CLANG_WARN_SUSPICIOUS_MOVE = YES;
				CLANG_WARN_UNGUARDED_AVAILABILITY = YES_AGGRESSIVE;
				CLANG_WARN_UNREACHABLE_CODE = YES;
				CLANG_WARN__DUPLICATE_METHOD_MATCH = YES;
				CODE_SIGN_IDENTITY = "iPhone Developer";
				COPY_PHASE_STRIP = NO;
				DEBUG_INFORMATION_FORMAT = dwarf;
				ENABLE_STRICT_OBJC_MSGSEND = YES;
				ENABLE_TESTABILITY = YES;
				GCC_C_LANGUAGE_STANDARD = gnu11;
				GCC_DYNAMIC_NO_PIC = NO;
				GCC_NO_COMMON_BLOCKS = YES;
				GCC_OPTIMIZATION_LEVEL = 0;
				GCC_PREPROCESSOR_DEFINITIONS = (
					"DEBUG=1",
					"$(inherited)",
				);
				GCC_WARN_64_TO_32_BIT_CONVERSION = YES;
				GCC_WARN_ABOUT_RETURN_TYPE = YES_ERROR;
				GCC_WARN_UNDECLARED_SELECTOR = YES;
				GCC_WARN_UNINITIALIZED_AUTOS = YES_AGGRESSIVE;
				GCC_WARN_UNUSED_FUNCTION = YES;
				GCC_WARN_UNUSED_VARIABLE = YES;
				IPHONEOS_DEPLOYMENT_TARGET = 12.1;
				MTL_ENABLE_DEBUG_INFO = INCLUDE_SOURCE;
				MTL_FAST_MATH = YES;
				ONLY_ACTIVE_ARCH = YES;
				SDKROOT = iphoneos;
				SWIFT_ACTIVE_COMPILATION_CONDITIONS = DEBUG;
				SWIFT_OPTIMIZATION_LEVEL = "-Onone";
			};
			name = Debug;
		};
		BAE701822249092600160BBF /* Release */ = {
			isa = XCBuildConfiguration;
			buildSettings = {
				ALWAYS_SEARCH_USER_PATHS = NO;
				CLANG_ANALYZER_LOCALIZABILITY_NONLOCALIZED = YES;
				CLANG_ANALYZER_NONNULL = YES;
				CLANG_ANALYZER_NUMBER_OBJECT_CONVERSION = YES_AGGRESSIVE;
				CLANG_CXX_LANGUAGE_STANDARD = "gnu++14";
				CLANG_CXX_LIBRARY = "libc++";
				CLANG_ENABLE_MODULES = YES;
				CLANG_ENABLE_OBJC_ARC = YES;
				CLANG_ENABLE_OBJC_WEAK = YES;
				CLANG_WARN_BLOCK_CAPTURE_AUTORELEASING = YES;
				CLANG_WARN_BOOL_CONVERSION = YES;
				CLANG_WARN_COMMA = YES;
				CLANG_WARN_CONSTANT_CONVERSION = YES;
				CLANG_WARN_DEPRECATED_OBJC_IMPLEMENTATIONS = YES;
				CLANG_WARN_DIRECT_OBJC_ISA_USAGE = YES_ERROR;
				CLANG_WARN_DOCUMENTATION_COMMENTS = YES;
				CLANG_WARN_EMPTY_BODY = YES;
				CLANG_WARN_ENUM_CONVERSION = YES;
				CLANG_WARN_INFINITE_RECURSION = YES;
				CLANG_WARN_INT_CONVERSION = YES;
				CLANG_WARN_NON_LITERAL_NULL_CONVERSION = YES;
				CLANG_WARN_OBJC_IMPLICIT_RETAIN_SELF = YES;
				CLANG_WARN_OBJC_LITERAL_CONVERSION = YES;
				CLANG_WARN_OBJC_ROOT_CLASS = YES_ERROR;
				CLANG_WARN_RANGE_LOOP_ANALYSIS = YES;
				CLANG_WARN_STRICT_PROTOTYPES = YES;
				CLANG_WARN_SUSPICIOUS_MOVE = YES;
				CLANG_WARN_UNGUARDED_AVAILABILITY = YES_AGGRESSIVE;
				CLANG_WARN_UNREACHABLE_CODE = YES;
				CLANG_WARN__DUPLICATE_METHOD_MATCH = YES;
				CODE_SIGN_IDENTITY = "iPhone Developer";
				COPY_PHASE_STRIP = NO;
				DEBUG_INFORMATION_FORMAT = "dwarf-with-dsym";
				ENABLE_NS_ASSERTIONS = NO;
				ENABLE_STRICT_OBJC_MSGSEND = YES;
				GCC_C_LANGUAGE_STANDARD = gnu11;
				GCC_NO_COMMON_BLOCKS = YES;
				GCC_WARN_64_TO_32_BIT_CONVERSION = YES;
				GCC_WARN_ABOUT_RETURN_TYPE = YES_ERROR;
				GCC_WARN_UNDECLARED_SELECTOR = YES;
				GCC_WARN_UNINITIALIZED_AUTOS = YES_AGGRESSIVE;
				GCC_WARN_UNUSED_FUNCTION = YES;
				GCC_WARN_UNUSED_VARIABLE = YES;
				IPHONEOS_DEPLOYMENT_TARGET = 12.1;
				MTL_ENABLE_DEBUG_INFO = NO;
				MTL_FAST_MATH = YES;
				SDKROOT = iphoneos;
				SWIFT_COMPILATION_MODE = wholemodule;
				SWIFT_OPTIMIZATION_LEVEL = "-O";
				VALIDATE_PRODUCT = YES;
			};
			name = Release;
		};
		BAE701842249092600160BBF /* Debug */ = {
			isa = XCBuildConfiguration;
			baseConfigurationReference = AC58F8392F790F870959A873 /* Pods-ScoresTracker.debug.xcconfig */;
			buildSettings = {
				ASSETCATALOG_COMPILER_APPICON_NAME = AppIcon;
				CODE_SIGN_STYLE = Automatic;
				DEVELOPMENT_TEAM = QY6BCUDFU3;
				INFOPLIST_FILE = ScoresTracker/Info.plist;
				LD_RUNPATH_SEARCH_PATHS = (
					"$(inherited)",
					"@executable_path/Frameworks",
				);
				PRODUCT_BUNDLE_IDENTIFIER = yi.nemo.ScoresTracker;
				PRODUCT_NAME = "$(TARGET_NAME)";
				SWIFT_VERSION = 4.2;
				TARGETED_DEVICE_FAMILY = "1,2";
			};
			name = Debug;
		};
		BAE701852249092600160BBF /* Release */ = {
			isa = XCBuildConfiguration;
			baseConfigurationReference = 9C8B0930AB9E38173CE36D44 /* Pods-ScoresTracker.release.xcconfig */;
			buildSettings = {
				ASSETCATALOG_COMPILER_APPICON_NAME = AppIcon;
				CODE_SIGN_STYLE = Automatic;
				DEVELOPMENT_TEAM = QY6BCUDFU3;
				INFOPLIST_FILE = ScoresTracker/Info.plist;
				LD_RUNPATH_SEARCH_PATHS = (
					"$(inherited)",
					"@executable_path/Frameworks",
				);
				PRODUCT_BUNDLE_IDENTIFIER = yi.nemo.ScoresTracker;
				PRODUCT_NAME = "$(TARGET_NAME)";
				SWIFT_VERSION = 4.2;
				TARGETED_DEVICE_FAMILY = "1,2";
			};
			name = Release;
		};
		BAE701872249092600160BBF /* Debug */ = {
			isa = XCBuildConfiguration;
			buildSettings = {
				ALWAYS_EMBED_SWIFT_STANDARD_LIBRARIES = YES;
				BUNDLE_LOADER = "$(TEST_HOST)";
				CODE_SIGN_STYLE = Automatic;
				DEVELOPMENT_TEAM = TZHRJ2F429;
				INFOPLIST_FILE = ScoresTrackerTests/Info.plist;
				LD_RUNPATH_SEARCH_PATHS = (
					"$(inherited)",
					"@executable_path/Frameworks",
					"@loader_path/Frameworks",
				);
				PRODUCT_BUNDLE_IDENTIFIER = yi.cao.ScoresTrackerTests;
				PRODUCT_NAME = "$(TARGET_NAME)";
				SWIFT_VERSION = 4.2;
				TARGETED_DEVICE_FAMILY = "1,2";
				TEST_HOST = "$(BUILT_PRODUCTS_DIR)/ScoresTracker.app/ScoresTracker";
			};
			name = Debug;
		};
		BAE701882249092600160BBF /* Release */ = {
			isa = XCBuildConfiguration;
			buildSettings = {
				ALWAYS_EMBED_SWIFT_STANDARD_LIBRARIES = YES;
				BUNDLE_LOADER = "$(TEST_HOST)";
				CODE_SIGN_STYLE = Automatic;
				DEVELOPMENT_TEAM = TZHRJ2F429;
				INFOPLIST_FILE = ScoresTrackerTests/Info.plist;
				LD_RUNPATH_SEARCH_PATHS = (
					"$(inherited)",
					"@executable_path/Frameworks",
					"@loader_path/Frameworks",
				);
				PRODUCT_BUNDLE_IDENTIFIER = yi.cao.ScoresTrackerTests;
				PRODUCT_NAME = "$(TARGET_NAME)";
				SWIFT_VERSION = 4.2;
				TARGETED_DEVICE_FAMILY = "1,2";
				TEST_HOST = "$(BUILT_PRODUCTS_DIR)/ScoresTracker.app/ScoresTracker";
			};
			name = Release;
		};
/* End XCBuildConfiguration section */

/* Begin XCConfigurationList section */
		BAE701612249092400160BBF /* Build configuration list for PBXProject "ScoresTracker" */ = {
			isa = XCConfigurationList;
			buildConfigurations = (
				BAE701812249092600160BBF /* Debug */,
				BAE701822249092600160BBF /* Release */,
			);
			defaultConfigurationIsVisible = 0;
			defaultConfigurationName = Release;
		};
		BAE701832249092600160BBF /* Build configuration list for PBXNativeTarget "ScoresTracker" */ = {
			isa = XCConfigurationList;
			buildConfigurations = (
				BAE701842249092600160BBF /* Debug */,
				BAE701852249092600160BBF /* Release */,
			);
			defaultConfigurationIsVisible = 0;
			defaultConfigurationName = Release;
		};
		BAE701862249092600160BBF /* Build configuration list for PBXNativeTarget "ScoresTrackerTests" */ = {
			isa = XCConfigurationList;
			buildConfigurations = (
				BAE701872249092600160BBF /* Debug */,
				BAE701882249092600160BBF /* Release */,
			);
			defaultConfigurationIsVisible = 0;
			defaultConfigurationName = Release;
		};
/* End XCConfigurationList section */
	};
	rootObject = BAE7015E2249092400160BBF /* Project object */;
}
